
Microsoft Visual Studio Solution File, Format Version 12.00
# Visual Studio Version 17
VisualStudioVersion = 17.14.36414.22
MinimumVisualStudioVersion = 10.0.40219.1
Project("{FAE04EC0-301F-11D3-BF4B-00C04F79EFBC}") = "StudentManagement", "StudentManagement\StudentManagement.csproj", "{987259E2-F09C-4AAB-8CEB-30AA784890A4}"
EndProject
Project("{2150E333-8FDC-42A3-9474-1A3956D46DE8}") = "Application", "Application", "{02EA681E-C7D8-13C7-8484-4AC65E1B71E8}"
EndProject
Project("{2150E333-8FDC-42A3-9474-1A3956D46DE8}") = "Core", "Core", "{E269314F-5245-4DC6-8A1B-E8DCCB8C32AD}"
EndProject
Project("{2150E333-8FDC-42A3-9474-1A3956D46DE8}") = "Infrastructure", "Infrastructure", "{EA2937C2-76DD-478D-8914-185ABD6F5F60}"
EndProject
Project("{FAE04EC0-301F-11D3-BF4B-00C04F79EFBC}") = "StudentManagement.Core", "StudentManagement.Core\StudentManagement.Core.csproj", "{3812F0E9-B2C5-49C7-A638-58A310062B02}"
EndProject
Project("{FAE04EC0-301F-11D3-BF4B-00C04F79EFBC}") = "StudentManagement.INfrastructure", "StudentManagement.INfrastructure\StudentManagement.INfrastructure.csproj", "{B08CCB6B-74CC-4A52-9BF4-3D7A9329A959}"
EndProject
Project("{2150E333-8FDC-42A3-9474-1A3956D46DE8}") = "UI", "UI", "{1F6CA260-BA5D-42C8-A1D3-C54C608EF716}"
EndProject
Project("{FAE04EC0-301F-11D3-BF4B-00C04F79EFBC}") = "StudentManagent.Ui", "StudentManagent.Ui\StudentManagent.Ui.csproj", "{A2215B30-D02E-430C-A3D7-34C9143A6C26}"
EndProject
Project("{2150E333-8FDC-42A3-9474-1A3956D46DE8}") = "StudentManagement", "StudentManagement", "{FC4146AC-18EF-44C8-B53D-4EA1435F0007}"
EndProject
Project("{2150E333-8FDC-42A3-9474-1A3956D46DE8}") = "WebApiStudentManagement", "WebApiStudentManagement", "{6C75666A-7201-4DC2-AAC8-5A90BC7DA01F}"
EndProject
Project("{2150E333-8FDC-42A3-9474-1A3956D46DE8}") = "Application", "Application", "{A758F87E-8050-4CA1-A6AB-2DC1747D1888}"
EndProject
Project("{2150E333-8FDC-42A3-9474-1A3956D46DE8}") = "Core", "Core", "{557B4039-2BFD-4120-9143-5A21FA4B18DB}"
EndProject
Project("{2150E333-8FDC-42A3-9474-1A3956D46DE8}") = "Infrastructure", "Infrastructure", "{C532DAF9-0713-4749-81F3-02D5D935C0E7}"
EndProject
Project("{FAE04EC0-301F-11D3-BF4B-00C04F79EFBC}") = "WebApiStudentManagement.Api", "WebApiStudentManagement.Api\WebApiStudentManagement.Api.csproj", "{BA7C7CAF-8824-4AEA-A3D1-AFC41E2787C8}"
EndProject
Project("{FAE04EC0-301F-11D3-BF4B-00C04F79EFBC}") = "WebApiStudentManagement.Core", "WebApiStudentManagement.Core\WebApiStudentManagement.Core.csproj", "{8B19FE51-76E0-4A06-8886-1ED1D39789CC}"
EndProject
Project("{FAE04EC0-301F-11D3-BF4B-00C04F79EFBC}") = "WebApiStudentManagement.Infrastructure", "WebApiStudentManagement.Infrastructure\WebApiStudentManagement.Infrastructure.csproj", "{A8CB3228-6E87-4E39-8021-82D84CDADE90}"
EndProject
Global
	GlobalSection(SolutionConfigurationPlatforms) = preSolution
		Debug|Any CPU = Debug|Any CPU
		Release|Any CPU = Release|Any CPU
	EndGlobalSection
	GlobalSection(ProjectConfigurationPlatforms) = postSolution
		{987259E2-F09C-4AAB-8CEB-30AA784890A4}.Debug|Any CPU.ActiveCfg = Debug|Any CPU
		{987259E2-F09C-4AAB-8CEB-30AA784890A4}.Debug|Any CPU.Build.0 = Debug|Any CPU
		{987259E2-F09C-4AAB-8CEB-30AA784890A4}.Release|Any CPU.ActiveCfg = Release|Any CPU
		{987259E2-F09C-4AAB-8CEB-30AA784890A4}.Release|Any CPU.Build.0 = Release|Any CPU
		{3812F0E9-B2C5-49C7-A638-58A310062B02}.Debug|Any CPU.ActiveCfg = Debug|Any CPU
		{3812F0E9-B2C5-49C7-A638-58A310062B02}.Debug|Any CPU.Build.0 = Debug|Any CPU
		{3812F0E9-B2C5-49C7-A638-58A310062B02}.Release|Any CPU.ActiveCfg = Release|Any CPU
		{3812F0E9-B2C5-49C7-A638-58A310062B02}.Release|Any CPU.Build.0 = Release|Any CPU
		{B08CCB6B-74CC-4A52-9BF4-3D7A9329A959}.Debug|Any CPU.ActiveCfg = Debug|Any CPU
		{B08CCB6B-74CC-4A52-9BF4-3D7A9329A959}.Debug|Any CPU.Build.0 = Debug|Any CPU
		{B08CCB6B-74CC-4A52-9BF4-3D7A9329A959}.Release|Any CPU.ActiveCfg = Release|Any CPU
		{B08CCB6B-74CC-4A52-9BF4-3D7A9329A959}.Release|Any CPU.Build.0 = Release|Any CPU
		{A2215B30-D02E-430C-A3D7-34C9143A6C26}.Debug|Any CPU.ActiveCfg = Debug|Any CPU
		{A2215B30-D02E-430C-A3D7-34C9143A6C26}.Debug|Any CPU.Build.0 = Debug|Any CPU
		{A2215B30-D02E-430C-A3D7-34C9143A6C26}.Release|Any CPU.ActiveCfg = Release|Any CPU
		{A2215B30-D02E-430C-A3D7-34C9143A6C26}.Release|Any CPU.Build.0 = Release|Any CPU
		{BA7C7CAF-8824-4AEA-A3D1-AFC41E2787C8}.Debug|Any CPU.ActiveCfg = Debug|Any CPU
		{BA7C7CAF-8824-4AEA-A3D1-AFC41E2787C8}.Debug|Any CPU.Build.0 = Debug|Any CPU
		{BA7C7CAF-8824-4AEA-A3D1-AFC41E2787C8}.Release|Any CPU.ActiveCfg = Release|Any CPU
		{BA7C7CAF-8824-4AEA-A3D1-AFC41E2787C8}.Release|Any CPU.Build.0 = Release|Any CPU
		{8B19FE51-76E0-4A06-8886-1ED1D39789CC}.Debug|Any CPU.ActiveCfg = Debug|Any CPU
		{8B19FE51-76E0-4A06-8886-1ED1D39789CC}.Debug|Any CPU.Build.0 = Debug|Any CPU
		{8B19FE51-76E0-4A06-8886-1ED1D39789CC}.Release|Any CPU.ActiveCfg = Release|Any CPU
		{8B19FE51-76E0-4A06-8886-1ED1D39789CC}.Release|Any CPU.Build.0 = Release|Any CPU
		{A8CB3228-6E87-4E39-8021-82D84CDADE90}.Debug|Any CPU.ActiveCfg = Debug|Any CPU
		{A8CB3228-6E87-4E39-8021-82D84CDADE90}.Debug|Any CPU.Build.0 = Debug|Any CPU
		{A8CB3228-6E87-4E39-8021-82D84CDADE90}.Release|Any CPU.ActiveCfg = Release|Any CPU
		{A8CB3228-6E87-4E39-8021-82D84CDADE90}.Release|Any CPU.Build.0 = Release|Any CPU
	EndGlobalSection
	GlobalSection(SolutionProperties) = preSolution
		HideSolutionNode = FALSE
	EndGlobalSection
	GlobalSection(NestedProjects) = preSolution
		{987259E2-F09C-4AAB-8CEB-30AA784890A4} = {02EA681E-C7D8-13C7-8484-4AC65E1B71E8}
		{02EA681E-C7D8-13C7-8484-4AC65E1B71E8} = {FC4146AC-18EF-44C8-B53D-4EA1435F0007}
		{E269314F-5245-4DC6-8A1B-E8DCCB8C32AD} = {FC4146AC-18EF-44C8-B53D-4EA1435F0007}
		{EA2937C2-76DD-478D-8914-185ABD6F5F60} = {FC4146AC-18EF-44C8-B53D-4EA1435F0007}
		{3812F0E9-B2C5-49C7-A638-58A310062B02} = {E269314F-5245-4DC6-8A1B-E8DCCB8C32AD}
		{B08CCB6B-74CC-4A52-9BF4-3D7A9329A959} = {EA2937C2-76DD-478D-8914-185ABD6F5F60}
		{1F6CA260-BA5D-42C8-A1D3-C54C608EF716} = {FC4146AC-18EF-44C8-B53D-4EA1435F0007}
		{A2215B30-D02E-430C-A3D7-34C9143A6C26} = {1F6CA260-BA5D-42C8-A1D3-C54C608EF716}
		{A758F87E-8050-4CA1-A6AB-2DC1747D1888} = {6C75666A-7201-4DC2-AAC8-5A90BC7DA01F}
		{557B4039-2BFD-4120-9143-5A21FA4B18DB} = {6C75666A-7201-4DC2-AAC8-5A90BC7DA01F}
		{C532DAF9-0713-4749-81F3-02D5D935C0E7} = {6C75666A-7201-4DC2-AAC8-5A90BC7DA01F}
		{BA7C7CAF-8824-4AEA-A3D1-AFC41E2787C8} = {A758F87E-8050-4CA1-A6AB-2DC1747D1888}
		{8B19FE51-76E0-4A06-8886-1ED1D39789CC} = {557B4039-2BFD-4120-9143-5A21FA4B18DB}
		{A8CB3228-6E87-4E39-8021-82D84CDADE90} = {C532DAF9-0713-4749-81F3-02D5D935C0E7}
	EndGlobalSection
	GlobalSection(ExtensibilityGlobals) = postSolution
		SolutionGuid = {DB4F81C2-D561-4798-A2B9-4BB4678A2520}
	EndGlobalSection
EndGlobal
